Microsoft Visual Studio Solution File, Format Version 12.00
# Visual Studio 15
VisualStudioVersion = 15.0.26124.0
MinimumVisualStudioVersion = 15.0.26124.0
Project("{9A19103F-16F7-4668-BE54-9A1E7A4F7556}") = "raylib", "raylib\raylib.csproj", "{1F6545F0-04B1-4DB6-AEF6-C5A3763E6379}"
EndProject
Project("{9A19103F-16F7-4668-BE54-9A1E7A4F7556}") = "raycon", "raycon\raycon.csproj", "{0DC5E8D6-2470-4EE2-88E3-4478499FC340}"
EndProject
Global
	GlobalSection(SolutionConfigurationPlatforms) = preSolution
		Debug|Any CPU = Debug|Any CPU
		Debug|x64 = Debug|x64
		Debug|x86 = Debug|x86
		Release|Any CPU = Release|Any CPU
		Release|x64 = Release|x64
		Release|x86 = Release|x86
	EndGlobalSection
	GlobalSection(ProjectConfigurationPlatforms) = postSolution
		{1F6545F0-04B1-4DB6-AEF6-C5A3763E6379}.Debug|Any CPU.ActiveCfg = Debug|Any CPU
		{1F6545F0-04B1-4DB6-AEF6-C5A3763E6379}.Debug|Any CPU.Build.0 = Debug|Any CPU
		{1F6545F0-04B1-4DB6-AEF6-C5A3763E6379}.Debug|x64.ActiveCfg = Debug|Any CPU
		{1F6545F0-04B1-4DB6-AEF6-C5A3763E6379}.Debug|x64.Build.0 = Debug|Any CPU
		{1F6545F0-04B1-4DB6-AEF6-C5A3763E6379}.Debug|x86.ActiveCfg = Debug|Any CPU
		{1F6545F0-04B1-4DB6-AEF6-C5A3763E6379}.Debug|x86.Build.0 = Debug|Any CPU
		{1F6545F0-04B1-4DB6-AEF6-C5A3763E6379}.Release|Any CPU.ActiveCfg = Release|Any CPU
		{1F6545F0-04B1-4DB6-AEF6-C5A3763E6379}.Release|Any CPU.Build.0 = Release|Any CPU
		{1F6545F0-04B1-4DB6-AEF6-C5A3763E6379}.Release|x64.ActiveCfg = Release|Any CPU
		{1F6545F0-04B1-4DB6-AEF6-C5A3763E6379}.Release|x64.Build.0 = Release|Any CPU
		{1F6545F0-04B1-4DB6-AEF6-C5A3763E6379}.Release|x86.ActiveCfg = Release|Any CPU
		{1F6545F0-04B1-4DB6-AEF6-C5A3763E6379}.Release|x86.Build.0 = Release|Any CPU
		{0DC5E8D6-2470-4EE2-88E3-4478499FC340}.Debug|Any CPU.ActiveCfg = Debug|Any CPU
		{0DC5E8D6-2470-4EE2-88E3-4478499FC340}.Debug|Any CPU.Build.0 = Debug|Any CPU
		{0DC5E8D6-2470-4EE2-88E3-4478499FC340}.Debug|x64.ActiveCfg = Debug|Any CPU
		{0DC5E8D6-2470-4EE2-88E3-4478499FC340}.Debug|x64.Build.0 = Debug|Any CPU
		{0DC5E8D6-2470-4EE2-88E3-4478499FC340}.Debug|x86.ActiveCfg = Debug|Any CPU
		{0DC5E8D6-2470-4EE2-88E3-4478499FC340}.Debug|x86.Build.0 = Debug|Any CPU
		{0DC5E8D6-2470-4EE2-88E3-4478499FC340}.Release|Any CPU.ActiveCfg = Release|Any CPU
		{0DC5E8D6-2470-4EE2-88E3-4478499FC340}.Release|Any CPU.Build.0 = Release|Any CPU
		{0DC5E8D6-2470-4EE2-88E3-4478499FC340}.Release|x64.ActiveCfg = Release|Any CPU
		{0DC5E8D6-2470-4EE2-88E3-4478499FC340}.Release|x64.Build.0 = Release|Any CPU
		{0DC5E8D6-2470-4EE2-88E3-4478499FC340}.Release|x86.ActiveCfg = Release|Any CPU
		{0DC5E8D6-2470-4EE2-88E3-4478499FC340}.Release|x86.Build.0 = Release|Any CPU
	EndGlobalSection
	GlobalSection(SolutionProperties) = preSolution
		HideSolutionNode = FALSE
	EndGlobalSection
	GlobalSection(ExtensibilityGlobals) = postSolution
		SolutionGuid = {420C3D47-8257-44D6-8926-53426AA4E8CD}
	EndGlobalSection
EndGlobal
